
Microsoft Visual Studio Solution File, Format Version 12.00
# Visual Studio Version 16
VisualStudioVersion = 16.0.29519.87
MinimumVisualStudioVersion = 10.0.40219.1
Project("{9A19103F-16F7-4668-BE54-9A1E7A4F7556}") = "MeterReadingAPI", "MeterReadingAPI\MeterReadingAPI.csproj", "{6002E1DA-E2B9-46A3-8380-A63C8DC54DAF}"
EndProject
Global
	GlobalSection(SolutionConfigurationPlatforms) = preSolution
		Debug|Any CPU = Debug|Any CPU
		Release|Any CPU = Release|Any CPU
	EndGlobalSection
	GlobalSection(ProjectConfigurationPlatforms) = postSolution
		{6002E1DA-E2B9-46A3-8380-A63C8DC54DAF}.Debug|Any CPU.ActiveCfg = Debug|Any CPU
		{6002E1DA-E2B9-46A3-8380-A63C8DC54DAF}.Debug|Any CPU.Build.0 = Debug|Any CPU
		{6002E1DA-E2B9-46A3-8380-A63C8DC54DAF}.Release|Any CPU.ActiveCfg = Release|Any CPU
		{6002E1DA-E2B9-46A3-8380-A63C8DC54DAF}.Release|Any CPU.Build.0 = Release|Any CPU
	EndGlobalSection
	GlobalSection(SolutionProperties) = preSolution
		HideSolutionNode = FALSE
	EndGlobalSection
	GlobalSection(ExtensibilityGlobals) = postSolution
		SolutionGuid = {A0ECC63C-E12F-49E8-AB2D-7D17FA7BE236}
	EndGlobalSection
EndGlobal
